{
  "name": "web",
  "version": "1.0.0",
  "lockfileVersion": 3,
  "requires": true,
  "packages": {
    "": {
      "name": "web",
      "version": "1.0.0",
      "license": "ISC",
      "dependencies": {
        "@playcanvas/supersplat-viewer": "^1.35.2"
      }
    },
    "node_modules/@playcanvas/supersplat-viewer": {
      "version": "1.35.2",
      "resolved": "https://registry.npmjs.org/@playcanvas/supersplat-viewer/-/supersplat-viewer-1.35.2.tgz",
      "integrity": "sha512-lDWdmfInkJGaOZn8LQ80VjaddAnKP/ddaQTc9szNiJGeUE8OUcmsKd57jQHQJ+TvYohQJKKEAJkAg3mFSCPS9A==",
      "engines": {
        "node": ">=20.0.0"
      },
      "peerDependencies": {
        "playcanvas": "^2.22.1"
      },
      "peerDependenciesMeta": {
        "playcanvas": {
          "optional": true
        }
      }
    }
  }
}
